
Microsoft Visual Studio Solution File, Format Version 12.00
# Visual Studio 15
VisualStudioVersion = 15.0.25920.0
MinimumVisualStudioVersion = 10.0.40219.1
Project("{FAE04EC0-301F-11D3-BF4B-00C04F79EFBC}") = "Lab1", "Lab1\Lab1.csproj", "{149AA3CF-6D46-42CE-BD17-1C8D74C9ABEF}"
EndProject
Global
	GlobalSection(SolutionConfigurationPlatforms) = preSolution
		Debug|Any CPU = Debug|Any CPU
		Release|Any CPU = Release|Any CPU
	EndGlobalSection
	GlobalSection(ProjectConfigurationPlatforms) = postSolution
		{149AA3CF-6D46-42CE-BD17-1C8D74C9ABEF}.Debug|Any CPU.ActiveCfg = Debug|Any CPU
		{149AA3CF-6D46-42CE-BD17-1C8D74C9ABEF}.Debug|Any CPU.Build.0 = Debug|Any CPU
		{149AA3CF-6D46-42CE-BD17-1C8D74C9ABEF}.Release|Any CPU.ActiveCfg = Release|Any CPU
		{149AA3CF-6D46-42CE-BD17-1C8D74C9ABEF}.Release|Any CPU.Build.0 = Release|Any CPU
	EndGlobalSection
	GlobalSection(SolutionProperties) = preSolution
		HideSolutionNode = FALSE
	EndGlobalSection
EndGlobal
